{
  "name": "wcag-explainer-docs",
  "version": "1.0.0",
  "lockfileVersion": 3,
  "requires": true,
  "packages": {
    "": {
      "name": "wcag-explainer-docs",
      "version": "1.0.0",
      "devDependencies": {
        "matcha-oat-design-system": "github:patriciagoh/matcha-oat-design-system"
      },
      "engines": {
        "node": ">=18"
      }
    },
    "node_modules/matcha-oat-design-system": {
      "version": "1.0.0",
      "resolved": "git+ssh://git@github.com/patriciagoh/matcha-oat-design-system.git#ff314a25419b79e0f3e3ad31155bdd48e670a898",
      "dev": true,
      "peerDependencies": {
        "tailwindcss": ">=3.0.0"
      },
      "peerDependenciesMeta": {
        "tailwindcss": {
          "optional": true
        }
      }
    }
  }
}
